
Microsoft Visual Studio Solution File, Format Version 12.00
# Visual Studio 2013
VisualStudioVersion = 12.0.31101.0
MinimumVisualStudioVersion = 10.0.40219.1
Project("{8BC9CEB8-8B4A-11D0-8D11-00A0C91BC942}") = "DP_Procedure", "DP_Procedure\DP_Procedure.vcxproj", "{DB5ADCFC-F12C-43B1-BF9F-9E35AB8F2CDB}"
EndProject
Global
	GlobalSection(SolutionConfigurationPlatforms) = preSolution
		Debug|Win32 = Debug|Win32
		Release|Win32 = Release|Win32
	EndGlobalSection
	GlobalSection(ProjectConfigurationPlatforms) = postSolution
		{DB5ADCFC-F12C-43B1-BF9F-9E35AB8F2CDB}.Debug|Win32.ActiveCfg = Debug|Win32
		{DB5ADCFC-F12C-43B1-BF9F-9E35AB8F2CDB}.Debug|Win32.Build.0 = Debug|Win32
		{DB5ADCFC-F12C-43B1-BF9F-9E35AB8F2CDB}.Release|Win32.ActiveCfg = Debug|Win32
		{DB5ADCFC-F12C-43B1-BF9F-9E35AB8F2CDB}.Release|Win32.Build.0 = Debug|Win32
	EndGlobalSection
	GlobalSection(SolutionProperties) = preSolution
		HideSolutionNode = FALSE
	EndGlobalSection
EndGlobal
